
Microsoft Visual Studio Solution File, Format Version 12.00
# Visual Studio Version 16
VisualStudioVersion = 16.0.30320.27
MinimumVisualStudioVersion = 10.0.40219.1
Project("{FAE04EC0-301F-11D3-BF4B-00C04F79EFBC}") = "Financials", "Financials\Financials.csproj", "{A3431D34-F883-4E56-99DF-F44C43EC42BD}"
EndProject
Global
	GlobalSection(SolutionConfigurationPlatforms) = preSolution
		Debug|Any CPU = Debug|Any CPU
		Release|Any CPU = Release|Any CPU
	EndGlobalSection
	GlobalSection(ProjectConfigurationPlatforms) = postSolution
		{A3431D34-F883-4E56-99DF-F44C43EC42BD}.Debug|Any CPU.ActiveCfg = Debug|Any CPU
		{A3431D34-F883-4E56-99DF-F44C43EC42BD}.Debug|Any CPU.Build.0 = Debug|Any CPU
		{A3431D34-F883-4E56-99DF-F44C43EC42BD}.Release|Any CPU.ActiveCfg = Release|Any CPU
		{A3431D34-F883-4E56-99DF-F44C43EC42BD}.Release|Any CPU.Build.0 = Release|Any CPU
	EndGlobalSection
	GlobalSection(SolutionProperties) = preSolution
		HideSolutionNode = FALSE
	EndGlobalSection
	GlobalSection(ExtensibilityGlobals) = postSolution
		SolutionGuid = {8A8FBFB4-C737-4D6A-B8E7-E047A0192468}
	EndGlobalSection
EndGlobal
