{
  "requires": true,
  "lockfileVersion": 1,
  "dependencies": {
    "@coreui/coreui": {
      "version": "3.4.0",
      "resolved": "https://registry.npmjs.org/@coreui/coreui/-/coreui-3.4.0.tgz",
      "integrity": "sha512-WqzockdWVkXUNmNwlqdu+AxM+9JoiWGe4rKaySu/dZme1NvVOn2ukjJlpTkssal8UKcSHyitzNixtkMCmUxE1A=="
    },
    "@coreui/icons": {
      "version": "1.0.1",
      "resolved": "https://registry.npmjs.org/@coreui/icons/-/icons-1.0.1.tgz",
      "integrity": "sha512-DAlvdHRC+HHecdy52vskbNzNKEpu6wHDvSlsHGrwOqNxQl1YLhGEtqAW4sKpyVE3GgysNCywUWZGFlLp8I3LgA=="
    },
    "@popperjs/core": {
      "version": "2.5.4",
      "resolved": "https://registry.npmjs.org/@popperjs/core/-/core-2.5.4.tgz",
      "integrity": "sha512-ZpKr+WTb8zsajqgDkvCEWgp6d5eJT6Q63Ng2neTbzBO76Lbe91vX/iVIW9dikq+Fs3yEo+ls4cxeXABD2LtcbQ=="
    },
    "perfect-scrollbar": {
      "version": "1.5.0",
      "resolved": "https://registry.npmjs.org/perfect-scrollbar/-/perfect-scrollbar-1.5.0.tgz",
      "integrity": "sha512-NrNHJn5mUGupSiheBTy6x+6SXCFbLlm8fVZh9moIzw/LgqElN5q4ncR4pbCBCYuCJ8Kcl9mYM0NgDxvW+b4LxA=="
    }
  }
}
